Microsoft Visual Studio Solution File, Format Version 7.00
Project("{FAE04EC0-301F-11D3-BF4B-00C04F79EFBC}") = "DrawRubberBand", "DrawRubberBand.csproj", "{41B06E77-C91F-49E3-88A9-4219D8F2FBD7}"
EndProject
Global
	GlobalSection(SolutionConfiguration) = preSolution
		ConfigName.0 = Debug
		ConfigName.1 = Release
	EndGlobalSection
	GlobalSection(ProjectDependencies) = postSolution
	EndGlobalSection
	GlobalSection(ProjectConfiguration) = postSolution
		{41B06E77-C91F-49E3-88A9-4219D8F2FBD7}.Debug.ActiveCfg = Debug|.NET
		{41B06E77-C91F-49E3-88A9-4219D8F2FBD7}.Debug.Build.0 = Debug|.NET
		{41B06E77-C91F-49E3-88A9-4219D8F2FBD7}.Release.ActiveCfg = Release|.NET
		{41B06E77-C91F-49E3-88A9-4219D8F2FBD7}.Release.Build.0 = Release|.NET
	EndGlobalSection
	GlobalSection(ExtensibilityGlobals) = postSolution
	EndGlobalSection
	GlobalSection(ExtensibilityAddIns) = postSolution
	EndGlobalSection
EndGlobal
